// !$*UTF8*$!
{
	archiveVersion = 1;
	classes = {
	};
	objectVersion = 46;
	objects = {

/* Begin PBXBuildFile section */
		CCBC831C1BEADB66007B6F1C /* SecondViewController.m in Sources */ = {isa = PBXBuildFile; fileRef = CCBC831B1BEADB66007B6F1C /* SecondViewController.m */; };
		CCBC831F1BEADFFA007B6F1C /* ThirdViewController.m in Sources */ = {isa = PBXBuildFile; fileRef = CCBC831E1BEADFFA007B6F1C /* ThirdViewController.m */; };
		CCBC83221BEAEB9A007B6F1C /* FourthViewController.m in Sources */ = {isa = PBXBuildFile; fileRef = CCBC83211BEAEB9A007B6F1C /* FourthViewController.m */; };
		CCEB55F61BEAFB95005DD663 /* fifthViewController.m in Sources */ = {isa = PBXBuildFile; fileRef = CCEB55F51BEAFB95005DD663 /* fifthViewController.m */; };
		CCF9E40A1BEA0B820025D53E /* main.m in Sources */ = {isa = PBXBuildFile; fileRef = CCF9E4091BEA0B820025D53E /* main.m */; };
		CCF9E40D1BEA0B820025D53E /* AppDelegate.m in Sources */ = {isa = PBXBuildFile; fileRef = CCF9E40C1BEA0B820025D53E /* AppDelegate.m */; };
		CCF9E4131BEA0B820025D53E /* Main.storyboard in Resources */ = {isa = PBXBuildFile; fileRef = CCF9E4111BEA0B820025D53E /* Main.storyboard */; };
		CCF9E4151BEA0B820025D53E /* Images.xcassets in Resources */ = {isa = PBXBuildFile; fileRef = CCF9E4141BEA0B820025D53E /* Images.xcassets */; };
		CCF9E4181BEA0B820025D53E /* LaunchScreen.xib in Resources */ = {isa = PBXBuildFile; fileRef = CCF9E4161BEA0B820025D53E /* LaunchScreen.xib */; };
		CCF9E4241BEA0B820025D53E /* fanTests.m in Sources */ = {isa = PBXBuildFile; fileRef = CCF9E4231BEA0B820025D53E /* fanTests.m */; };
		CCF9E43F1BEA0D320025D53E /* apple.png in Resources */ = {isa = PBXBuildFile; fileRef = CCF9E42F1BEA0D320025D53E /* apple.png */; };
		CCF9E4401BEA0D320025D53E /* bar.png in Resources */ = {isa = PBXBuildFile; fileRef = CCF9E4301BEA0D320025D53E /* bar.png */; };
		CCF9E4411BEA0D320025D53E /* cherry.png in Resources */ = {isa = PBXBuildFile; fileRef = CCF9E4311BEA0D320025D53E /* cherry.png */; };
		CCF9E4421BEA0D320025D53E /* crown.png in Resources */ = {isa = PBXBuildFile; fileRef = CCF9E4321BEA0D320025D53E /* crown.png */; };
		CCF9E4431BEA0D320025D53E /* lemon.png in Resources */ = {isa = PBXBuildFile; fileRef = CCF9E4331BEA0D320025D53E /* lemon.png */; };
		CCF9E4441BEA0D320025D53E /* seven.png in Resources */ = {isa = PBXBuildFile; fileRef = CCF9E4341BEA0D320025D53E /* seven.png */; };
		CCF9E4451BEA0D320025D53E /* crunch.wav in Resources */ = {isa = PBXBuildFile; fileRef = CCF9E4361BEA0D320025D53E /* crunch.wav */; };
		CCF9E4461BEA0D320025D53E /* win.wav in Resources */ = {isa = PBXBuildFile; fileRef = CCF9E4371BEA0D320025D53E /* win.wav */; };
		CCF9E4471BEA0D320025D53E /* statedictionary.plist in Resources */ = {isa = PBXBuildFile; fileRef = CCF9E4381BEA0D320025D53E /* statedictionary.plist */; };
		CCF9E4481BEA0D320025D53E /* clockicon.png in Resources */ = {isa = PBXBuildFile; fileRef = CCF9E43A1BEA0D320025D53E /* clockicon.png */; };
		CCF9E4491BEA0D320025D53E /* dependenticon.png in Resources */ = {isa = PBXBuildFile; fileRef = CCF9E43B1BEA0D320025D53E /* dependenticon.png */; };
		CCF9E44A1BEA0D320025D53E /* doubleicon.png in Resources */ = {isa = PBXBuildFile; fileRef = CCF9E43C1BEA0D320025D53E /* doubleicon.png */; };
		CCF9E44B1BEA0D320025D53E /* singleicon.png in Resources */ = {isa = PBXBuildFile; fileRef = CCF9E43D1BEA0D320025D53E /* singleicon.png */; };
		CCF9E44C1BEA0D320025D53E /* toolicon.png in Resources */ = {isa = PBXBuildFile; fileRef = CCF9E43E1BEA0D320025D53E /* toolicon.png */; };
		CCF9E44F1BEA0EE50025D53E /* FirstViewController.m in Sources */ = {isa = PBXBuildFile; fileRef = CCF9E44E1BEA0EE50025D53E /* FirstViewController.m */; };
/* End PBXBuildFile section */

/* Begin PBXContainerItemProxy section */
		CCF9E41E1BEA0B820025D53E /* PBXContainerItemProxy */ = {
			isa = PBXContainerItemProxy;
			containerPortal = CCF9E3FC1BEA0B820025D53E /* Project object */;
			proxyType = 1;
			remoteGlobalIDString = CCF9E4031BEA0B820025D53E;
			remoteInfo = fan;
		};
/* End PBXContainerItemProxy section */

/* Begin PBXFileReference section */
		CCBC831A1BEADB65007B6F1C /* SecondViewController.h */ = {isa = PBXFileReference; fileEncoding = 4; lastKnownFileType = sourcecode.c.h; path = SecondViewController.h; sourceTree = "<group>"; };
		CCBC831B1BEADB66007B6F1C /* SecondViewController.m */ = {isa = PBXFileReference; fileEncoding = 4; lastKnownFileType = sourcecode.c.objc; path = SecondViewController.m; sourceTree = "<group>"; };
		CCBC831D1BEADFFA007B6F1C /* ThirdViewController.h */ = {isa = PBXFileReference; fileEncoding = 4; lastKnownFileType = sourcecode.c.h; path = ThirdViewController.h; sourceTree = "<group>"; };
		CCBC831E1BEADFFA007B6F1C /* ThirdViewController.m */ = {isa = PBXFileReference; fileEncoding = 4; lastKnownFileType = sourcecode.c.objc; path = ThirdViewController.m; sourceTree = "<group>"; };
		CCBC83201BEAEB9A007B6F1C /* FourthViewController.h */ = {isa = PBXFileReference; fileEncoding = 4; lastKnownFileType = sourcecode.c.h; path = FourthViewController.h; sourceTree = "<group>"; };
		CCBC83211BEAEB9A007B6F1C /* FourthViewController.m */ = {isa = PBXFileReference; fileEncoding = 4; lastKnownFileType = sourcecode.c.objc; path = FourthViewController.m; sourceTree = "<group>"; };
		CCEB55F41BEAFB95005DD663 /* fifthViewController.h */ = {isa = PBXFileReference; fileEncoding = 4; lastKnownFileType = sourcecode.c.h; path = fifthViewController.h; sourceTree = "<group>"; };
		CCEB55F51BEAFB95005DD663 /* fifthViewController.m */ = {isa = PBXFileReference; fileEncoding = 4; lastKnownFileType = sourcecode.c.objc; path = fifthViewController.m; sourceTree = "<group>"; };
		CCF9E4041BEA0B820025D53E /* fan.app */ = {isa = PBXFileReference; explicitFileType = wrapper.application; includeInIndex = 0; path = fan.app; sourceTree = BUILT_PRODUCTS_DIR; };
		CCF9E4081BEA0B820025D53E /* Info.plist */ = {isa = PBXFileReference; lastKnownFileType = text.plist.xml; path = Info.plist; sourceTree = "<group>"; };
		CCF9E4091BEA0B820025D53E /* main.m */ = {isa = PBXFileReference; lastKnownFileType = sourcecode.c.objc; path = main.m; sourceTree = "<group>"; };
		CCF9E40B1BEA0B820025D53E /* AppDelegate.h */ = {isa = PBXFileReference; lastKnownFileType = sourcecode.c.h; path = AppDelegate.h; sourceTree = "<group>"; };
		CCF9E40C1BEA0B820025D53E /* AppDelegate.m */ = {isa = PBXFileReference; lastKnownFileType = sourcecode.c.objc; path = AppDelegate.m; sourceTree = "<group>"; };
		CCF9E4121BEA0B820025D53E /* Base */ = {isa = PBXFileReference; lastKnownFileType = file.storyboard; name = Base; path = Base.lproj/Main.storyboard; sourceTree = "<group>"; };
		CCF9E4141BEA0B820025D53E /* Images.xcassets */ = {isa = PBXFileReference; lastKnownFileType = folder.assetcatalog; path = Images.xcassets; sourceTree = "<group>"; };
		CCF9E4171BEA0B820025D53E /* Base */ = {isa = PBXFileReference; lastKnownFileType = file.xib; name = Base; path = Base.lproj/LaunchScreen.xib; sourceTree = "<group>"; };
		CCF9E41D1BEA0B820025D53E /* fanTests.xctest */ = {isa = PBXFileReference; explicitFileType = wrapper.cfbundle; includeInIndex = 0; path = fanTests.xctest; sourceTree = BUILT_PRODUCTS_DIR; };
		CCF9E4221BEA0B820025D53E /* Info.plist */ = {isa = PBXFileReference; lastKnownFileType = text.plist.xml; path = Info.plist; sourceTree = "<group>"; };
		CCF9E4231BEA0B820025D53E /* fanTests.m */ = {isa = PBXFileReference; lastKnownFileType = sourcecode.c.objc; path = fanTests.m; sourceTree = "<group>"; };
		CCF9E42F1BEA0D320025D53E /* apple.png */ = {isa = PBXFileReference; lastKnownFileType = image.png; path = apple.png; sourceTree = "<group>"; };
		CCF9E4301BEA0D320025D53E /* bar.png */ = {isa = PBXFileReference; lastKnownFileType = image.png; path = bar.png; sourceTree = "<group>"; };
		CCF9E4311BEA0D320025D53E /* cherry.png */ = {isa = PBXFileReference; lastKnownFileType = image.png; path = cherry.png; sourceTree = "<group>"; };
		CCF9E4321BEA0D320025D53E /* crown.png */ = {isa = PBXFileReference; lastKnownFileType = image.png; path = crown.png; sourceTree = "<group>"; };
		CCF9E4331BEA0D320025D53E /* lemon.png */ = {isa = PBXFileReference; lastKnownFileType = image.png; path = lemon.png; sourceTree = "<group>"; };
		CCF9E4341BEA0D320025D53E /* seven.png */ = {isa = PBXFileReference; lastKnownFileType = image.png; path = seven.png; sourceTree = "<group>"; };
		CCF9E4361BEA0D320025D53E /* crunch.wav */ = {isa = PBXFileReference; lastKnownFileType = audio.wav; path = crunch.wav; sourceTree = "<group>"; };
		CCF9E4371BEA0D320025D53E /* win.wav */ = {isa = PBXFileReference; lastKnownFileType = audio.wav; path = win.wav; sourceTree = "<group>"; };
		CCF9E4381BEA0D320025D53E /* statedictionary.plist */ = {isa = PBXFileReference; fileEncoding = 4; lastKnownFileType = text.plist.xml; path = statedictionary.plist; sourceTree = "<group>"; };
		CCF9E43A1BEA0D320025D53E /* clockicon.png */ = {isa = PBXFileReference; lastKnownFileType = image.png; path = clockicon.png; sourceTree = "<group>"; };
		CCF9E43B1BEA0D320025D53E /* dependenticon.png */ = {isa = PBXFileReference; lastKnownFileType = image.png; path = dependenticon.png; sourceTree = "<group>"; };
		CCF9E43C1BEA0D320025D53E /* doubleicon.png */ = {isa = PBXFileReference; lastKnownFileType = image.png; path = doubleicon.png; sourceTree = "<group>"; };
		CCF9E43D1BEA0D320025D53E /* singleicon.png */ = {isa = PBXFileReference; lastKnownFileType = image.png; path = singleicon.png; sourceTree = "<group>"; };
		CCF9E43E1BEA0D320025D53E /* toolicon.png */ = {isa = PBXFileReference; lastKnownFileType = image.png; path = toolicon.png; sourceTree = "<group>"; };
		CCF9E44D1BEA0EE50025D53E /* FirstViewController.h */ = {isa = PBXFileReference; fileEncoding = 4; lastKnownFileType = sourcecode.c.h; path = FirstViewController.h; sourceTree = "<group>"; };
		CCF9E44E1BEA0EE50025D53E /* FirstViewController.m */ = {isa = PBXFileReference; fileEncoding = 4; lastKnownFileType = sourcecode.c.objc; path = FirstViewController.m; sourceTree = "<group>"; };
/* End PBXFileReference section */

/* Begin PBXFrameworksBuildPhase section */
		CCF9E4011BEA0B820025D53E /* Frameworks */ = {
			isa = PBXFrameworksBuildPhase;
			buildActionMask = 2147483647;
			files = (
			);
			runOnlyForDeploymentPostprocessing = 0;
		};
		CCF9E41A1BEA0B820025D53E /* Frameworks */ = {
			isa = PBXFrameworksBuildPhase;
			buildActionMask = 2147483647;
			files = (
			);
			runOnlyForDeploymentPostprocessing = 0;
		};
/* End PBXFrameworksBuildPhase section */

/* Begin PBXGroup section */
		CCF9E3FB1BEA0B820025D53E = {
			isa = PBXGroup;
			children = (
				CCF9E4061BEA0B820025D53E /* fan */,
				CCF9E4201BEA0B820025D53E /* fanTests */,
				CCF9E4051BEA0B820025D53E /* Products */,
			);
			sourceTree = "<group>";
		};
		CCF9E4051BEA0B820025D53E /* Products */ = {
			isa = PBXGroup;
			children = (
				CCF9E4041BEA0B820025D53E /* fan.app */,
				CCF9E41D1BEA0B820025D53E /* fanTests.xctest */,
			);
			name = Products;
			sourceTree = "<group>";
		};
		CCF9E4061BEA0B820025D53E /* fan */ = {
			isa = PBXGroup;
			children = (
				CCF9E40B1BEA0B820025D53E /* AppDelegate.h */,
				CCF9E40C1BEA0B820025D53E /* AppDelegate.m */,
				CCF9E44D1BEA0EE50025D53E /* FirstViewController.h */,
				CCF9E44E1BEA0EE50025D53E /* FirstViewController.m */,
				CCBC831A1BEADB65007B6F1C /* SecondViewController.h */,
				CCBC831B1BEADB66007B6F1C /* SecondViewController.m */,
				CCBC831D1BEADFFA007B6F1C /* ThirdViewController.h */,
				CCBC831E1BEADFFA007B6F1C /* ThirdViewController.m */,
				CCBC83201BEAEB9A007B6F1C /* FourthViewController.h */,
				CCBC83211BEAEB9A007B6F1C /* FourthViewController.m */,
				CCEB55F41BEAFB95005DD663 /* fifthViewController.h */,
				CCEB55F51BEAFB95005DD663 /* fifthViewController.m */,
				CCF9E4111BEA0B820025D53E /* Main.storyboard */,
				CCF9E4141BEA0B820025D53E /* Images.xcassets */,
				CCF9E4161BEA0B820025D53E /* LaunchScreen.xib */,
				CCF9E4071BEA0B820025D53E /* Supporting Files */,
			);
			path = fan;
			sourceTree = "<group>";
		};
		CCF9E4071BEA0B820025D53E /* Supporting Files */ = {
			isa = PBXGroup;
			children = (
				CCF9E42D1BEA0D320025D53E /* martial */,
				CCF9E4081BEA0B820025D53E /* Info.plist */,
				CCF9E4091BEA0B820025D53E /* main.m */,
			);
			name = "Supporting Files";
			sourceTree = "<group>";
		};
		CCF9E4201BEA0B820025D53E /* fanTests */ = {
			isa = PBXGroup;
			children = (
				CCF9E4231BEA0B820025D53E /* fanTests.m */,
				CCF9E4211BEA0B820025D53E /* Supporting Files */,
			);
			path = fanTests;
			sourceTree = "<group>";
		};
		CCF9E4211BEA0B820025D53E /* Supporting Files */ = {
			isa = PBXGroup;
			children = (
				CCF9E4221BEA0B820025D53E /* Info.plist */,
			);
			name = "Supporting Files";
			sourceTree = "<group>";
		};
		CCF9E42D1BEA0D320025D53E /* martial */ = {
			isa = PBXGroup;
			children = (
				CCF9E42E1BEA0D320025D53E /* Custom Picker Images */,
				CCF9E4351BEA0D320025D53E /* Custom Picker Sounds */,
				CCF9E4381BEA0D320025D53E /* statedictionary.plist */,
				CCF9E4391BEA0D320025D53E /* Tab Bar Icons */,
			);
			path = martial;
			sourceTree = "<group>";
		};
		CCF9E42E1BEA0D320025D53E /* Custom Picker Images */ = {
			isa = PBXGroup;
			children = (
				CCF9E42F1BEA0D320025D53E /* apple.png */,
				CCF9E4301BEA0D320025D53E /* bar.png */,
				CCF9E4311BEA0D320025D53E /* cherry.png */,
				CCF9E4321BEA0D320025D53E /* crown.png */,
				CCF9E4331BEA0D320025D53E /* lemon.png */,
				CCF9E4341BEA0D320025D53E /* seven.png */,
			);
			path = "Custom Picker Images";
			sourceTree = "<group>";
		};
		CCF9E4351BEA0D320025D53E /* Custom Picker Sounds */ = {
			isa = PBXGroup;
			children = (
				CCF9E4361BEA0D320025D53E /* crunch.wav */,
				CCF9E4371BEA0D320025D53E /* win.wav */,
			);
			path = "Custom Picker Sounds";
			sourceTree = "<group>";
		};
		CCF9E4391BEA0D320025D53E /* Tab Bar Icons */ = {
			isa = PBXGroup;
			children = (
				CCF9E43A1BEA0D320025D53E /* clockicon.png */,
				CCF9E43B1BEA0D320025D53E /* dependenticon.png */,
				CCF9E43C1BEA0D320025D53E /* doubleicon.png */,
				CCF9E43D1BEA0D320025D53E /* singleicon.png */,
				CCF9E43E1BEA0D320025D53E /* toolicon.png */,
			);
			path = "Tab Bar Icons";
			sourceTree = "<group>";
		};
/* End PBXGroup section */

/* Begin PBXNativeTarget section */
		CCF9E4031BEA0B820025D53E /* fan */ = {
			isa = PBXNativeTarget;
			buildConfigurationList = CCF9E4271BEA0B820025D53E /* Build configuration list for PBXNativeTarget "fan" */;
			buildPhases = (
				CCF9E4001BEA0B820025D53E /* Sources */,
				CCF9E4011BEA0B820025D53E /* Frameworks */,
				CCF9E4021BEA0B820025D53E /* Resources */,
			);
			buildRules = (
			);
			dependencies = (
			);
			name = fan;
			productName = fan;
			productReference = CCF9E4041BEA0B820025D53E /* fan.app */;
			productType = "com.apple.product-type.application";
		};
		CCF9E41C1BEA0B820025D53E /* fanTests */ = {
			isa = PBXNativeTarget;
			buildConfigurationList = CCF9E42A1BEA0B820025D53E /* Build configuration list for PBXNativeTarget "fanTests" */;
			buildPhases = (
				CCF9E4191BEA0B820025D53E /* Sources */,
				CCF9E41A1BEA0B820025D53E /* Frameworks */,
				CCF9E41B1BEA0B820025D53E /* Resources */,
			);
			buildRules = (
			);
			dependencies = (
				CCF9E41F1BEA0B820025D53E /* PBXTargetDependency */,
			);
			name = fanTests;
			productName = fanTests;
			productReference = CCF9E41D1BEA0B820025D53E /* fanTests.xctest */;
			productType = "com.apple.product-type.bundle.unit-test";
		};
/* End PBXNativeTarget section */

/* Begin PBXProject section */
		CCF9E3FC1BEA0B820025D53E /* Project object */ = {
			isa = PBXProject;
			attributes = {
				LastUpgradeCheck = 0630;
				ORGANIZATIONNAME = fan.com;
				TargetAttributes = {
					CCF9E4031BEA0B820025D53E = {
						CreatedOnToolsVersion = 6.3;
					};
					CCF9E41C1BEA0B820025D53E = {
						CreatedOnToolsVersion = 6.3;
						TestTargetID = CCF9E4031BEA0B820025D53E;
					};
				};
			};
			buildConfigurationList = CCF9E3FF1BEA0B820025D53E /* Build configuration list for PBXProject "fan" */;
			compatibilityVersion = "Xcode 3.2";
			developmentRegion = English;
			hasScannedForEncodings = 0;
			knownRegions = (
				en,
				Base,
			);
			mainGroup = CCF9E3FB1BEA0B820025D53E;
			productRefGroup = CCF9E4051BEA0B820025D53E /* Products */;
			projectDirPath = "";
			projectRoot = "";
			targets = (
				CCF9E4031BEA0B820025D53E /* fan */,
				CCF9E41C1BEA0B820025D53E /* fanTests */,
			);
		};
/* End PBXProject section */

/* Begin PBXResourcesBuildPhase section */
		CCF9E4021BEA0B820025D53E /* Resources */ = {
			isa = PBXResourcesBuildPhase;
			buildActionMask = 2147483647;
			files = (
				CCF9E4411BEA0D320025D53E /* cherry.png in Resources */,
				CCF9E44C1BEA0D320025D53E /* toolicon.png in Resources */,
				CCF9E44A1BEA0D320025D53E /* doubleicon.png in Resources */,
				CCF9E4441BEA0D320025D53E /* seven.png in Resources */,
				CCF9E4131BEA0B820025D53E /* Main.storyboard in Resources */,
				CCF9E4481BEA0D320025D53E /* clockicon.png in Resources */,
				CCF9E4401BEA0D320025D53E /* bar.png in Resources */,
				CCF9E4181BEA0B820025D53E /* LaunchScreen.xib in Resources */,
				CCF9E4451BEA0D320025D53E /* crunch.wav in Resources */,
				CCF9E4471BEA0D320025D53E /* statedictionary.plist in Resources */,
				CCF9E4461BEA0D320025D53E /* win.wav in Resources */,
				CCF9E43F1BEA0D320025D53E /* apple.png in Resources */,
				CCF9E4421BEA0D320025D53E /* crown.png in Resources */,
				CCF9E44B1BEA0D320025D53E /* singleicon.png in Resources */,
				CCF9E4151BEA0B820025D53E /* Images.xcassets in Resources */,
				CCF9E4491BEA0D320025D53E /* dependenticon.png in Resources */,
				CCF9E4431BEA0D320025D53E /* lemon.png in Resources */,
			);
			runOnlyForDeploymentPostprocessing = 0;
		};
		CCF9E41B1BEA0B820025D53E /* Resources */ = {
			isa = PBXResourcesBuildPhase;
			buildActionMask = 2147483647;
			files = (
			);
			runOnlyForDeploymentPostprocessing = 0;
		};
/* End PBXResourcesBuildPhase section */

/* Begin PBXSourcesBuildPhase section */
		CCF9E4001BEA0B820025D53E /* Sources */ = {
			isa = PBXSourcesBuildPhase;
			buildActionMask = 2147483647;
			files = (
				CCBC83221BEAEB9A007B6F1C /* FourthViewController.m in Sources */,
				CCBC831C1BEADB66007B6F1C /* SecondViewController.m in Sources */,
				CCBC831F1BEADFFA007B6F1C /* ThirdViewController.m in Sources */,
				CCF9E40D1BEA0B820025D53E /* AppDelegate.m in Sources */,
				CCF9E44F1BEA0EE50025D53E /* FirstViewController.m in Sources */,
				CCF9E40A1BEA0B820025D53E /* main.m in Sources */,
				CCEB55F61BEAFB95005DD663 /* fifthViewController.m in Sources */,
			);
			runOnlyForDeploymentPostprocessing = 0;
		};
		CCF9E4191BEA0B820025D53E /* Sources */ = {
			isa = PBXSourcesBuildPhase;
			buildActionMask = 2147483647;
			files = (
				CCF9E4241BEA0B820025D53E /* fanTests.m in Sources */,
			);
			runOnlyForDeploymentPostprocessing = 0;
		};
/* End PBXSourcesBuildPhase section */

/* Begin PBXTargetDependency section */
		CCF9E41F1BEA0B820025D53E /* PBXTargetDependency */ = {
			isa = PBXTargetDependency;
			target = CCF9E4031BEA0B820025D53E /* fan */;
			targetProxy = CCF9E41E1BEA0B820025D53E /* PBXContainerItemProxy */;
		};
/* End PBXTargetDependency section */

/* Begin PBXVariantGroup section */
		CCF9E4111BEA0B820025D53E /* Main.storyboard */ = {
			isa = PBXVariantGroup;
			children = (
				CCF9E4121BEA0B820025D53E /* Base */,
			);
			name = Main.storyboard;
			sourceTree = "<group>";
		};
		CCF9E4161BEA0B820025D53E /* LaunchScreen.xib */ = {
			isa = PBXVariantGroup;
			children = (
				CCF9E4171BEA0B820025D53E /* Base */,
			);
			name = LaunchScreen.xib;
			sourceTree = "<group>";
		};
/* End PBXVariantGroup section */

/* Begin XCBuildConfiguration section */
		CCF9E4251BEA0B820025D53E /* Debug */ = {
			isa = XCBuildConfiguration;
			buildSettings = {
				ALWAYS_SEARCH_USER_PATHS = NO;
				CLANG_CXX_LANGUAGE_STANDARD = "gnu++0x";
				CLANG_CXX_LIBRARY = "libc++";
				CLANG_ENABLE_MODULES = YES;
				CLANG_ENABLE_OBJC_ARC = YES;
				CLANG_WARN_BOOL_CONVERSION = YES;
				CLANG_WARN_CONSTANT_CONVERSION = YES;
				CLANG_WARN_DIRECT_OBJC_ISA_USAGE = YES_ERROR;
				CLANG_WARN_EMPTY_BODY = YES;
				CLANG_WARN_ENUM_CONVERSION = YES;
				CLANG_WARN_INT_CONVERSION = YES;
				CLANG_WARN_OBJC_ROOT_CLASS = YES_ERROR;
				CLANG_WARN_UNREACHABLE_CODE = YES;
				CLANG_WARN__DUPLICATE_METHOD_MATCH = YES;
				"CODE_SIGN_IDENTITY[sdk=iphoneos*]" = "iPhone Developer";
				COPY_PHASE_STRIP = NO;
				DEBUG_INFORMATION_FORMAT = "dwarf-with-dsym";
				ENABLE_STRICT_OBJC_MSGSEND = YES;
				GCC_C_LANGUAGE_STANDARD = gnu99;
				GCC_DYNAMIC_NO_PIC = NO;
				GCC_NO_COMMON_BLOCKS = YES;
				GCC_OPTIMIZATION_LEVEL = 0;
				GCC_PREPROCESSOR_DEFINITIONS = (
					"DEBUG=1",
					"$(inherited)",
				);
				GCC_SYMBOLS_PRIVATE_EXTERN = NO;
				GCC_WARN_64_TO_32_BIT_CONVERSION = YES;
				GCC_WARN_ABOUT_RETURN_TYPE = YES_ERROR;
				GCC_WARN_UNDECLARED_SELECTOR = YES;
				GCC_WARN_UNINITIALIZED_AUTOS = YES_AGGRESSIVE;
				GCC_WARN_UNUSED_FUNCTION = YES;
				GCC_WARN_UNUSED_VARIABLE = YES;
				IPHONEOS_DEPLOYMENT_TARGET = 8.3;
				MTL_ENABLE_DEBUG_INFO = YES;
				ONLY_ACTIVE_ARCH = YES;
				SDKROOT = iphoneos;
			};
			name = Debug;
		};
		CCF9E4261BEA0B820025D53E /* Release */ = {
			isa = XCBuildConfiguration;
			buildSettings = {
				ALWAYS_SEARCH_USER_PATHS = NO;
				CLANG_CXX_LANGUAGE_STANDARD = "gnu++0x";
				CLANG_CXX_LIBRARY = "libc++";
				CLANG_ENABLE_MODULES = YES;
				CLANG_ENABLE_OBJC_ARC = YES;
				CLANG_WARN_BOOL_CONVERSION = YES;
				CLANG_WARN_CONSTANT_CONVERSION = YES;
				CLANG_WARN_DIRECT_OBJC_ISA_USAGE = YES_ERROR;
				CLANG_WARN_EMPTY_BODY = YES;
				CLANG_WARN_ENUM_CONVERSION = YES;
				CLANG_WARN_INT_CONVERSION = YES;
				CLANG_WARN_OBJC_ROOT_CLASS = YES_ERROR;
				CLANG_WARN_UNREACHABLE_CODE = YES;
				CLANG_WARN__DUPLICATE_METHOD_MATCH = YES;
				"CODE_SIGN_IDENTITY[sdk=iphoneos*]" = "iPhone Developer";
				COPY_PHASE_STRIP = NO;
				DEBUG_INFORMATION_FORMAT = "dwarf-with-dsym";
				ENABLE_NS_ASSERTIONS = NO;
				ENABLE_STRICT_OBJC_MSGSEND = YES;
				GCC_C_LANGUAGE_STANDARD = gnu99;
				GCC_NO_COMMON_BLOCKS = YES;
				GCC_WARN_64_TO_32_BIT_CONVERSION = YES;
				GCC_WARN_ABOUT_RETURN_TYPE = YES_ERROR;
				GCC_WARN_UNDECLARED_SELECTOR = YES;
				GCC_WARN_UNINITIALIZED_AUTOS = YES_AGGRESSIVE;
				GCC_WARN_UNUSED_FUNCTION = YES;
				GCC_WARN_UNUSED_VARIABLE = YES;
				IPHONEOS_DEPLOYMENT_TARGET = 8.3;
				MTL_ENABLE_DEBUG_INFO = NO;
				SDKROOT = iphoneos;
				VALIDATE_PRODUCT = YES;
			};
			name = Release;
		};
		CCF9E4281BEA0B820025D53E /* Debug */ = {
			isa = XCBuildConfiguration;
			buildSettings = {
				ASSETCATALOG_COMPILER_APPICON_NAME = AppIcon;
				INFOPLIST_FILE = fan/Info.plist;
				LD_RUNPATH_SEARCH_PATHS = "$(inherited) @executable_path/Frameworks";
				PRODUCT_NAME = "$(TARGET_NAME)";
			};
			name = Debug;
		};
		CCF9E4291BEA0B820025D53E /* Release */ = {
			isa = XCBuildConfiguration;
			buildSettings = {
				ASSETCATALOG_COMPILER_APPICON_NAME = AppIcon;
				INFOPLIST_FILE = fan/Info.plist;
				LD_RUNPATH_SEARCH_PATHS = "$(inherited) @executable_path/Frameworks";
				PRODUCT_NAME = "$(TARGET_NAME)";
			};
			name = Release;
		};
		CCF9E42B1BEA0B820025D53E /* Debug */ = {
			isa = XCBuildConfiguration;
			buildSettings = {
				BUNDLE_LOADER = "$(TEST_HOST)";
				FRAMEWORK_SEARCH_PATHS = (
					"$(SDKROOT)/Developer/Library/Frameworks",
					"$(inherited)",
				);
				GCC_PREPROCESSOR_DEFINITIONS = (
					"DEBUG=1",
					"$(inherited)",
				);
				INFOPLIST_FILE = fanTests/Info.plist;
				LD_RUNPATH_SEARCH_PATHS = "$(inherited) @executable_path/Frameworks @loader_path/Frameworks";
				PRODUCT_NAME = "$(TARGET_NAME)";
				TEST_HOST = "$(BUILT_PRODUCTS_DIR)/fan.app/fan";
			};
			name = Debug;
		};
		CCF9E42C1BEA0B820025D53E /* Release */ = {
			isa = XCBuildConfiguration;
			buildSettings = {
				BUNDLE_LOADER = "$(TEST_HOST)";
				FRAMEWORK_SEARCH_PATHS = (
					"$(SDKROOT)/Developer/Library/Frameworks",
					"$(inherited)",
				);
				INFOPLIST_FILE = fanTests/Info.plist;
				LD_RUNPATH_SEARCH_PATHS = "$(inherited) @executable_path/Frameworks @loader_path/Frameworks";
				PRODUCT_NAME = "$(TARGET_NAME)";
				TEST_HOST = "$(BUILT_PRODUCTS_DIR)/fan.app/fan";
			};
			name = Release;
		};
/* End XCBuildConfiguration section */

/* Begin XCConfigurationList section */
		CCF9E3FF1BEA0B820025D53E /* Build configuration list for PBXProject "fan" */ = {
			isa = XCConfigurationList;
			buildConfigurations = (
				CCF9E4251BEA0B820025D53E /* Debug */,
				CCF9E4261BEA0B820025D53E /* Release */,
			);
			defaultConfigurationIsVisible = 0;
			defaultConfigurationName = Release;
		};
		CCF9E4271BEA0B820025D53E /* Build configuration list for PBXNativeTarget "fan" */ = {
			isa = XCConfigurationList;
			buildConfigurations = (
				CCF9E4281BEA0B820025D53E /* Debug */,
				CCF9E4291BEA0B820025D53E /* Release */,
			);
			defaultConfigurationIsVisible = 0;
			defaultConfigurationName = Release;
		};
		CCF9E42A1BEA0B820025D53E /* Build configuration list for PBXNativeTarget "fanTests" */ = {
			isa = XCConfigurationList;
			buildConfigurations = (
				CCF9E42B1BEA0B820025D53E /* Debug */,
				CCF9E42C1BEA0B820025D53E /* Release */,
			);
			defaultConfigurationIsVisible = 0;
			defaultConfigurationName = Release;
		};
/* End XCConfigurationList section */
	};
	rootObject = CCF9E3FC1BEA0B820025D53E /* Project object */;
}
